
Microsoft Visual Studio Solution File, Format Version 12.00
Project("{FAE04EC0-301F-11D3-BF4B-00C04F79EFBC}") = "HydroSmart.API", "HydroSmart.API\HydroSmart.API.csproj", "{7C55D44C-5ABD-4892-A2C5-A6E590FE785A}"
EndProject
Global
	GlobalSection(SolutionConfigurationPlatforms) = preSolution
		Debug|Any CPU = Debug|Any CPU
		Release|Any CPU = Release|Any CPU
	EndGlobalSection
	GlobalSection(ProjectConfigurationPlatforms) = postSolution
		{7C55D44C-5ABD-4892-A2C5-A6E590FE785A}.Debug|Any CPU.ActiveCfg = Debug|Any CPU
		{7C55D44C-5ABD-4892-A2C5-A6E590FE785A}.Debug|Any CPU.Build.0 = Debug|Any CPU
		{7C55D44C-5ABD-4892-A2C5-A6E590FE785A}.Release|Any CPU.ActiveCfg = Release|Any CPU
		{7C55D44C-5ABD-4892-A2C5-A6E590FE785A}.Release|Any CPU.Build.0 = Release|Any CPU
	EndGlobalSection
EndGlobal
